// !$*UTF8*$!
{
	archiveVersion = 1;
	classes = {
	};
	objectVersion = 55;
	objects = {

/* Begin PBXBuildFile section */
		DBAF1300285DF09200A5CECE /* JokeApp2App.swift in Sources */ = {isa = PBXBuildFile; fileRef = DBAF12FF285DF09200A5CECE /* JokeApp2App.swift */; };
		DBAF1302285DF09200A5CECE /* ContentView.swift in Sources */ = {isa = PBXBuildFile; fileRef = DBAF1301285DF09200A5CECE /* ContentView.swift */; };
		DBAF1304285DF09500A5CECE /* Assets.xcassets in Resources */ = {isa = PBXBuildFile; fileRef = DBAF1303285DF09500A5CECE /* Assets.xcassets */; };
		DBAF1307285DF09500A5CECE /* Preview Assets.xcassets in Resources */ = {isa = PBXBuildFile; fileRef = DBAF1306285DF09500A5CECE /* Preview Assets.xcassets */; };
		DBAF1311285DF09500A5CECE /* JokeApp2Tests.swift in Sources */ = {isa = PBXBuildFile; fileRef = DBAF1310285DF09500A5CECE /* JokeApp2Tests.swift */; };
		DBAF131B285DF09500A5CECE /* JokeApp2UITests.swift in Sources */ = {isa = PBXBuildFile; fileRef = DBAF131A285DF09500A5CECE /* JokeApp2UITests.swift */; };
		DBAF131D285DF09500A5CECE /* JokeApp2UITestsLaunchTests.swift in Sources */ = {isa = PBXBuildFile; fileRef = DBAF131C285DF09500A5CECE /* JokeApp2UITestsLaunchTests.swift */; };
/* End PBXBuildFile section */

/* Begin PBXContainerItemProxy section */
		DBAF130D285DF09500A5CECE /* PBXContainerItemProxy */ = {
			isa = PBXContainerItemProxy;
			containerPortal = DBAF12F4285DF09200A5CECE /* Project object */;
			proxyType = 1;
			remoteGlobalIDString = DBAF12FB285DF09200A5CECE;
			remoteInfo = JokeApp2;
		};
		DBAF1317285DF09500A5CECE /* PBXContainerItemProxy */ = {
			isa = PBXContainerItemProxy;
			containerPortal = DBAF12F4285DF09200A5CECE /* Project object */;
			proxyType = 1;
			remoteGlobalIDString = DBAF12FB285DF09200A5CECE;
			remoteInfo = JokeApp2;
		};
/* End PBXContainerItemProxy section */

/* Begin PBXFileReference section */
		DBAF12FC285DF09200A5CECE /* JokeApp2.app */ = {isa = PBXFileReference; explicitFileType = wrapper.application; includeInIndex = 0; path = JokeApp2.app; sourceTree = BUILT_PRODUCTS_DIR; };
		DBAF12FF285DF09200A5CECE /* JokeApp2App.swift */ = {isa = PBXFileReference; lastKnownFileType = sourcecode.swift; path = JokeApp2App.swift; sourceTree = "<group>"; };
		DBAF1301285DF09200A5CECE /* ContentView.swift */ = {isa = PBXFileReference; lastKnownFileType = sourcecode.swift; path = ContentView.swift; sourceTree = "<group>"; };
		DBAF1303285DF09500A5CECE /* Assets.xcassets */ = {isa = PBXFileReference; lastKnownFileType = folder.assetcatalog; path = Assets.xcassets; sourceTree = "<group>"; };
		DBAF1306285DF09500A5CECE /* Preview Assets.xcassets */ = {isa = PBXFileReference; lastKnownFileType = folder.assetcatalog; path = "Preview Assets.xcassets"; sourceTree = "<group>"; };
		DBAF130C285DF09500A5CECE /* JokeApp2Tests.xctest */ = {isa = PBXFileReference; explicitFileType = wrapper.cfbundle; includeInIndex = 0; path = JokeApp2Tests.xctest; sourceTree = BUILT_PRODUCTS_DIR; };
		DBAF1310285DF09500A5CECE /* JokeApp2Tests.swift */ = {isa = PBXFileReference; lastKnownFileType = sourcecode.swift; path = JokeApp2Tests.swift; sourceTree = "<group>"; };
		DBAF1316285DF09500A5CECE /* JokeApp2UITests.xctest */ = {isa = PBXFileReference; explicitFileType = wrapper.cfbundle; includeInIndex = 0; path = JokeApp2UITests.xctest; sourceTree = BUILT_PRODUCTS_DIR; };
		DBAF131A285DF09500A5CECE /* JokeApp2UITests.swift */ = {isa = PBXFileReference; lastKnownFileType = sourcecode.swift; path = JokeApp2UITests.swift; sourceTree = "<group>"; };
		DBAF131C285DF09500A5CECE /* JokeApp2UITestsLaunchTests.swift */ = {isa = PBXFileReference; lastKnownFileType = sourcecode.swift; path = JokeApp2UITestsLaunchTests.swift; sourceTree = "<group>"; };
/* End PBXFileReference section */

/* Begin PBXFrameworksBuildPhase section */
		DBAF12F9285DF09200A5CECE /* Frameworks */ = {
			isa = PBXFrameworksBuildPhase;
			buildActionMask = 2147483647;
			files = (
			);
			runOnlyForDeploymentPostprocessing = 0;
		};
		DBAF1309285DF09500A5CECE /* Frameworks */ = {
			isa = PBXFrameworksBuildPhase;
			buildActionMask = 2147483647;
			files = (
			);
			runOnlyForDeploymentPostprocessing = 0;
		};
		DBAF1313285DF09500A5CECE /* Frameworks */ = {
			isa = PBXFrameworksBuildPhase;
			buildActionMask = 2147483647;
			files = (
			);
			runOnlyForDeploymentPostprocessing = 0;
		};
/* End PBXFrameworksBuildPhase section */

/* Begin PBXGroup section */
		DBAF12F3285DF09200A5CECE = {
			isa = PBXGroup;
			children = (
				DBAF12FE285DF09200A5CECE /* JokeApp2 */,
				DBAF130F285DF09500A5CECE /* JokeApp2Tests */,
				DBAF1319285DF09500A5CECE /* JokeApp2UITests */,
				DBAF12FD285DF09200A5CECE /* Products */,
			);
			sourceTree = "<group>";
		};
		DBAF12FD285DF09200A5CECE /* Products */ = {
			isa = PBXGroup;
			children = (
				DBAF12FC285DF09200A5CECE /* JokeApp2.app */,
				DBAF130C285DF09500A5CECE /* JokeApp2Tests.xctest */,
				DBAF1316285DF09500A5CECE /* JokeApp2UITests.xctest */,
			);
			name = Products;
			sourceTree = "<group>";
		};
		DBAF12FE285DF09200A5CECE /* JokeApp2 */ = {
			isa = PBXGroup;
			children = (
				DBAF12FF285DF09200A5CECE /* JokeApp2App.swift */,
				DBAF1301285DF09200A5CECE /* ContentView.swift */,
				DBAF1303285DF09500A5CECE /* Assets.xcassets */,
				DBAF1305285DF09500A5CECE /* Preview Content */,
			);
			path = JokeApp2;
			sourceTree = "<group>";
		};
		DBAF1305285DF09500A5CECE /* Preview Content */ = {
			isa = PBXGroup;
			children = (
				DBAF1306285DF09500A5CECE /* Preview Assets.xcassets */,
			);
			path = "Preview Content";
			sourceTree = "<group>";
		};
		DBAF130F285DF09500A5CECE /* JokeApp2Tests */ = {
			isa = PBXGroup;
			children = (
				DBAF1310285DF09500A5CECE /* JokeApp2Tests.swift */,
			);
			path = JokeApp2Tests;
			sourceTree = "<group>";
		};
		DBAF1319285DF09500A5CECE /* JokeApp2UITests */ = {
			isa = PBXGroup;
			children = (
				DBAF131A285DF09500A5CECE /* JokeApp2UITests.swift */,
				DBAF131C285DF09500A5CECE /* JokeApp2UITestsLaunchTests.swift */,
			);
			path = JokeApp2UITests;
			sourceTree = "<group>";
		};
/* End PBXGroup section */

/* Begin PBXNativeTarget section */
		DBAF12FB285DF09200A5CECE /* JokeApp2 */ = {
			isa = PBXNativeTarget;
			buildConfigurationList = DBAF1320285DF09500A5CECE /* Build configuration list for PBXNativeTarget "JokeApp2" */;
			buildPhases = (
				DBAF12F8285DF09200A5CECE /* Sources */,
				DBAF12F9285DF09200A5CECE /* Frameworks */,
				DBAF12FA285DF09200A5CECE /* Resources */,
			);
			buildRules = (
			);
			dependencies = (
			);
			name = JokeApp2;
			productName = JokeApp2;
			productReference = DBAF12FC285DF09200A5CECE /* JokeApp2.app */;
			productType = "com.apple.product-type.application";
		};
		DBAF130B285DF09500A5CECE /* JokeApp2Tests */ = {
			isa = PBXNativeTarget;
			buildConfigurationList = DBAF1323285DF09500A5CECE /* Build configuration list for PBXNativeTarget "JokeApp2Tests" */;
			buildPhases = (
				DBAF1308285DF09500A5CECE /* Sources */,
				DBAF1309285DF09500A5CECE /* Frameworks */,
				DBAF130A285DF09500A5CECE /* Resources */,
			);
			buildRules = (
			);
			dependencies = (
				DBAF130E285DF09500A5CECE /* PBXTargetDependency */,
			);
			name = JokeApp2Tests;
			productName = JokeApp2Tests;
			productReference = DBAF130C285DF09500A5CECE /* JokeApp2Tests.xctest */;
			productType = "com.apple.product-type.bundle.unit-test";
		};
		DBAF1315285DF09500A5CECE /* JokeApp2UITests */ = {
			isa = PBXNativeTarget;
			buildConfigurationList = DBAF1326285DF09500A5CECE /* Build configuration list for PBXNativeTarget "JokeApp2UITests" */;
			buildPhases = (
				DBAF1312285DF09500A5CECE /* Sources */,
				DBAF1313285DF09500A5CECE /* Frameworks */,
				DBAF1314285DF09500A5CECE /* Resources */,
			);
			buildRules = (
			);
			dependencies = (
				DBAF1318285DF09500A5CECE /* PBXTargetDependency */,
			);
			name = JokeApp2UITests;
			productName = JokeApp2UITests;
			productReference = DBAF1316285DF09500A5CECE /* JokeApp2UITests.xctest */;
			productType = "com.apple.product-type.bundle.ui-testing";
		};
/* End PBXNativeTarget section */

/* Begin PBXProject section */
		DBAF12F4285DF09200A5CECE /* Project object */ = {
			isa = PBXProject;
			attributes = {
				BuildIndependentTargetsInParallel = 1;
				LastSwiftUpdateCheck = 1330;
				LastUpgradeCheck = 1330;
				TargetAttributes = {
					DBAF12FB285DF09200A5CECE = {
						CreatedOnToolsVersion = 13.3.1;
					};
					DBAF130B285DF09500A5CECE = {
						CreatedOnToolsVersion = 13.3.1;
						TestTargetID = DBAF12FB285DF09200A5CECE;
					};
					DBAF1315285DF09500A5CECE = {
						CreatedOnToolsVersion = 13.3.1;
						TestTargetID = DBAF12FB285DF09200A5CECE;
					};
				};
			};
			buildConfigurationList = DBAF12F7285DF09200A5CECE /* Build configuration list for PBXProject "JokeApp2" */;
			compatibilityVersion = "Xcode 13.0";
			developmentRegion = en;
			hasScannedForEncodings = 0;
			knownRegions = (
				en,
				Base,
			);
			mainGroup = DBAF12F3285DF09200A5CECE;
			productRefGroup = DBAF12FD285DF09200A5CECE /* Products */;
			projectDirPath = "";
			projectRoot = "";
			targets = (
				DBAF12FB285DF09200A5CECE /* JokeApp2 */,
				DBAF130B285DF09500A5CECE /* JokeApp2Tests */,
				DBAF1315285DF09500A5CECE /* JokeApp2UITests */,
			);
		};
/* End PBXProject section */

/* Begin PBXResourcesBuildPhase section */
		DBAF12FA285DF09200A5CECE /* Resources */ = {
			isa = PBXResourcesBuildPhase;
			buildActionMask = 2147483647;
			files = (
				DBAF1307285DF09500A5CECE /* Preview Assets.xcassets in Resources */,
				DBAF1304285DF09500A5CECE /* Assets.xcassets in Resources */,
			);
			runOnlyForDeploymentPostprocessing = 0;
		};
		DBAF130A285DF09500A5CECE /* Resources */ = {
			isa = PBXResourcesBuildPhase;
			buildActionMask = 2147483647;
			files = (
			);
			runOnlyForDeploymentPostprocessing = 0;
		};
		DBAF1314285DF09500A5CECE /* Resources */ = {
			isa = PBXResourcesBuildPhase;
			buildActionMask = 2147483647;
			files = (
			);
			runOnlyForDeploymentPostprocessing = 0;
		};
/* End PBXResourcesBuildPhase section */

/* Begin PBXSourcesBuildPhase section */
		DBAF12F8285DF09200A5CECE /* Sources */ = {
			isa = PBXSourcesBuildPhase;
			buildActionMask = 2147483647;
			files = (
				DBAF1302285DF09200A5CECE /* ContentView.swift in Sources */,
				DBAF1300285DF09200A5CECE /* JokeApp2App.swift in Sources */,
			);
			runOnlyForDeploymentPostprocessing = 0;
		};
		DBAF1308285DF09500A5CECE /* Sources */ = {
			isa = PBXSourcesBuildPhase;
			buildActionMask = 2147483647;
			files = (
				DBAF1311285DF09500A5CECE /* JokeApp2Tests.swift in Sources */,
			);
			runOnlyForDeploymentPostprocessing = 0;
		};
		DBAF1312285DF09500A5CECE /* Sources */ = {
			isa = PBXSourcesBuildPhase;
			buildActionMask = 2147483647;
			files = (
				DBAF131D285DF09500A5CECE /* JokeApp2UITestsLaunchTests.swift in Sources */,
				DBAF131B285DF09500A5CECE /* JokeApp2UITests.swift in Sources */,
			);
			runOnlyForDeploymentPostprocessing = 0;
		};
/* End PBXSourcesBuildPhase section */

/* Begin PBXTargetDependency section */
		DBAF130E285DF09500A5CECE /* PBXTargetDependency */ = {
			isa = PBXTargetDependency;
			target = DBAF12FB285DF09200A5CECE /* JokeApp2 */;
			targetProxy = DBAF130D285DF09500A5CECE /* PBXContainerItemProxy */;
		};
		DBAF1318285DF09500A5CECE /* PBXTargetDependency */ = {
			isa = PBXTargetDependency;
			target = DBAF12FB285DF09200A5CECE /* JokeApp2 */;
			targetProxy = DBAF1317285DF09500A5CECE /* PBXContainerItemProxy */;
		};
/* End PBXTargetDependency section */

/* Begin XCBuildConfiguration section */
		DBAF131E285DF09500A5CECE /* Debug */ = {
			isa = XCBuildConfiguration;
			buildSettings = {
				ALWAYS_SEARCH_USER_PATHS = NO;
				CLANG_ANALYZER_NONNULL = YES;
				CLANG_ANALYZER_NUMBER_OBJECT_CONVERSION = YES_AGGRESSIVE;
				CLANG_CXX_LANGUAGE_STANDARD = "gnu++17";
				CLANG_ENABLE_MODULES = YES;
				CLANG_ENABLE_OBJC_ARC = YES;
				CLANG_ENABLE_OBJC_WEAK = YES;
				CLANG_WARN_BLOCK_CAPTURE_AUTORELEASING = YES;
				CLANG_WARN_BOOL_CONVERSION = YES;
				CLANG_WARN_COMMA = YES;
				CLANG_WARN_CONSTANT_CONVERSION = YES;
				CLANG_WARN_DEPRECATED_OBJC_IMPLEMENTATIONS = YES;
				CLANG_WARN_DIRECT_OBJC_ISA_USAGE = YES_ERROR;
				CLANG_WARN_DOCUMENTATION_COMMENTS = YES;
				CLANG_WARN_EMPTY_BODY = YES;
				CLANG_WARN_ENUM_CONVERSION = YES;
				CLANG_WARN_INFINITE_RECURSION = YES;
				CLANG_WARN_INT_CONVERSION = YES;
				CLANG_WARN_NON_LITERAL_NULL_CONVERSION = YES;
				CLANG_WARN_OBJC_IMPLICIT_RETAIN_SELF = YES;
				CLANG_WARN_OBJC_LITERAL_CONVERSION = YES;
				CLANG_WARN_OBJC_ROOT_CLASS = YES_ERROR;
				CLANG_WARN_QUOTED_INCLUDE_IN_FRAMEWORK_HEADER = YES;
				CLANG_WARN_RANGE_LOOP_ANALYSIS = YES;
				CLANG_WARN_STRICT_PROTOTYPES = YES;
				CLANG_WARN_SUSPICIOUS_MOVE = YES;
				CLANG_WARN_UNGUARDED_AVAILABILITY = YES_AGGRESSIVE;
				CLANG_WARN_UNREACHABLE_CODE = YES;
				CLANG_WARN__DUPLICATE_METHOD_MATCH = YES;
				COPY_PHASE_STRIP = NO;
				DEBUG_INFORMATION_FORMAT = dwarf;
				ENABLE_STRICT_OBJC_MSGSEND = YES;
				ENABLE_TESTABILITY = YES;
				GCC_C_LANGUAGE_STANDARD = gnu11;
				GCC_DYNAMIC_NO_PIC = NO;
				GCC_NO_COMMON_BLOCKS = YES;
				GCC_OPTIMIZATION_LEVEL = 0;
				GCC_PREPROCESSOR_DEFINITIONS = (
					"DEBUG=1",
					"$(inherited)",
				);
				GCC_WARN_64_TO_32_BIT_CONVERSION = YES;
				GCC_WARN_ABOUT_RETURN_TYPE = YES_ERROR;
				GCC_WARN_UNDECLARED_SELECTOR = YES;
				GCC_WARN_UNINITIALIZED_AUTOS = YES_AGGRESSIVE;
				GCC_WARN_UNUSED_FUNCTION = YES;
				GCC_WARN_UNUSED_VARIABLE = YES;
				IPHONEOS_DEPLOYMENT_TARGET = 15.4;
				MTL_ENABLE_DEBUG_INFO = INCLUDE_SOURCE;
				MTL_FAST_MATH = YES;
				ONLY_ACTIVE_ARCH = YES;
				SDKROOT = iphoneos;
				SWIFT_ACTIVE_COMPILATION_CONDITIONS = DEBUG;
				SWIFT_OPTIMIZATION_LEVEL = "-Onone";
			};
			name = Debug;
		};
		DBAF131F285DF09500A5CECE /* Release */ = {
			isa = XCBuildConfiguration;
			buildSettings = {
				ALWAYS_SEARCH_USER_PATHS = NO;
				CLANG_ANALYZER_NONNULL = YES;
				CLANG_ANALYZER_NUMBER_OBJECT_CONVERSION = YES_AGGRESSIVE;
				CLANG_CXX_LANGUAGE_STANDARD = "gnu++17";
				CLANG_ENABLE_MODULES = YES;
				CLANG_ENABLE_OBJC_ARC = YES;
				CLANG_ENABLE_OBJC_WEAK = YES;
				CLANG_WARN_BLOCK_CAPTURE_AUTORELEASING = YES;
				CLANG_WARN_BOOL_CONVERSION = YES;
				CLANG_WARN_COMMA = YES;
				CLANG_WARN_CONSTANT_CONVERSION = YES;
				CLANG_WARN_DEPRECATED_OBJC_IMPLEMENTATIONS = YES;
				CLANG_WARN_DIRECT_OBJC_ISA_USAGE = YES_ERROR;
				CLANG_WARN_DOCUMENTATION_COMMENTS = YES;
				CLANG_WARN_EMPTY_BODY = YES;
				CLANG_WARN_ENUM_CONVERSION = YES;
				CLANG_WARN_INFINITE_RECURSION = YES;
				CLANG_WARN_INT_CONVERSION = YES;
				CLANG_WARN_NON_LITERAL_NULL_CONVERSION = YES;
				CLANG_WARN_OBJC_IMPLICIT_RETAIN_SELF = YES;
				CLANG_WARN_OBJC_LITERAL_CONVERSION = YES;
				CLANG_WARN_OBJC_ROOT_CLASS = YES_ERROR;
				CLANG_WARN_QUOTED_INCLUDE_IN_FRAMEWORK_HEADER = YES;
				CLANG_WARN_RANGE_LOOP_ANALYSIS = YES;
				CLANG_WARN_STRICT_PROTOTYPES = YES;
				CLANG_WARN_SUSPICIOUS_MOVE = YES;
				CLANG_WARN_UNGUARDED_AVAILABILITY = YES_AGGRESSIVE;
				CLANG_WARN_UNREACHABLE_CODE = YES;
				CLANG_WARN__DUPLICATE_METHOD_MATCH = YES;
				COPY_PHASE_STRIP = NO;
				DEBUG_INFORMATION_FORMAT = "dwarf-with-dsym";
				ENABLE_NS_ASSERTIONS = NO;
				ENABLE_STRICT_OBJC_MSGSEND = YES;
				GCC_C_LANGUAGE_STANDARD = gnu11;
				GCC_NO_COMMON_BLOCKS = YES;
				GCC_WARN_64_TO_32_BIT_CONVERSION = YES;
				GCC_WARN_ABOUT_RETURN_TYPE = YES_ERROR;
				GCC_WARN_UNDECLARED_SELECTOR = YES;
				GCC_WARN_UNINITIALIZED_AUTOS = YES_AGGRESSIVE;
				GCC_WARN_UNUSED_FUNCTION = YES;
				GCC_WARN_UNUSED_VARIABLE = YES;
				IPHONEOS_DEPLOYMENT_TARGET = 15.4;
				MTL_ENABLE_DEBUG_INFO = NO;
				MTL_FAST_MATH = YES;
				SDKROOT = iphoneos;
				SWIFT_COMPILATION_MODE = wholemodule;
				SWIFT_OPTIMIZATION_LEVEL = "-O";
				VALIDATE_PRODUCT = YES;
			};
			name = Release;
		};
		DBAF1321285DF09500A5CECE /* Debug */ = {
			isa = XCBuildConfiguration;
			buildSettings = {
				ASSETCATALOG_COMPILER_APPICON_NAME = AppIcon;
				ASSETCATALOG_COMPILER_GLOBAL_ACCENT_COLOR_NAME = AccentColor;
				CODE_SIGN_STYLE = Automatic;
				CURRENT_PROJECT_VERSION = 1;
				DEVELOPMENT_ASSET_PATHS = "\"JokeApp2/Preview Content\"";
				ENABLE_PREVIEWS = YES;
				GENERATE_INFOPLIST_FILE = YES;
				INFOPLIST_KEY_UIApplicationSceneManifest_Generation = YES;
				INFOPLIST_KEY_UIApplicationSupportsIndirectInputEvents = YES;
				INFOPLIST_KEY_UILaunchScreen_Generation = YES;
				INFOPLIST_KEY_UISupportedInterfaceOrientations_iPad = "UIInterfaceOrientationPortrait UIInterfaceOrientationPortraitUpsideDown UIInterfaceOrientationLandscapeLeft UIInterfaceOrientationLandscapeRight";
				INFOPLIST_KEY_UISupportedInterfaceOrientations_iPhone = "UIInterfaceOrientationPortrait UIInterfaceOrientationLandscapeLeft UIInterfaceOrientationLandscapeRight";
				LD_RUNPATH_SEARCH_PATHS = (
					"$(inherited)",
					"@executable_path/Frameworks",
				);
				MARKETING_VERSION = 1.0;
				PRODUCT_BUNDLE_IDENTIFIER = com.raditya.JokeApp2;
				PRODUCT_NAME = "$(TARGET_NAME)";
				SWIFT_EMIT_LOC_STRINGS = YES;
				SWIFT_VERSION = 5.0;
				TARGETED_DEVICE_FAMILY = "1,2";
			};
			name = Debug;
		};
		DBAF1322285DF09500A5CECE /* Release */ = {
			isa = XCBuildConfiguration;
			buildSettings = {
				ASSETCATALOG_COMPILER_APPICON_NAME = AppIcon;
				ASSETCATALOG_COMPILER_GLOBAL_ACCENT_COLOR_NAME = AccentColor;
				CODE_SIGN_STYLE = Automatic;
				CURRENT_PROJECT_VERSION = 1;
				DEVELOPMENT_ASSET_PATHS = "\"JokeApp2/Preview Content\"";
				ENABLE_PREVIEWS = YES;
				GENERATE_INFOPLIST_FILE = YES;
				INFOPLIST_KEY_UIApplicationSceneManifest_Generation = YES;
				INFOPLIST_KEY_UIApplicationSupportsIndirectInputEvents = YES;
				INFOPLIST_KEY_UILaunchScreen_Generation = YES;
				INFOPLIST_KEY_UISupportedInterfaceOrientations_iPad = "UIInterfaceOrientationPortrait UIInterfaceOrientationPortraitUpsideDown UIInterfaceOrientationLandscapeLeft UIInterfaceOrientationLandscapeRight";
				INFOPLIST_KEY_UISupportedInterfaceOrientations_iPhone = "UIInterfaceOrientationPortrait UIInterfaceOrientationLandscapeLeft UIInterfaceOrientationLandscapeRight";
				LD_RUNPATH_SEARCH_PATHS = (
					"$(inherited)",
					"@executable_path/Frameworks",
				);
				MARKETING_VERSION = 1.0;
				PRODUCT_BUNDLE_IDENTIFIER = com.raditya.JokeApp2;
				PRODUCT_NAME = "$(TARGET_NAME)";
				SWIFT_EMIT_LOC_STRINGS = YES;
				SWIFT_VERSION = 5.0;
				TARGETED_DEVICE_FAMILY = "1,2";
			};
			name = Release;
		};
		DBAF1324285DF09500A5CECE /* Debug */ = {
			isa = XCBuildConfiguration;
			buildSettings = {
				ALWAYS_EMBED_SWIFT_STANDARD_LIBRARIES = YES;
				BUNDLE_LOADER = "$(TEST_HOST)";
				CODE_SIGN_STYLE = Automatic;
				CURRENT_PROJECT_VERSION = 1;
				GENERATE_INFOPLIST_FILE = YES;
				IPHONEOS_DEPLOYMENT_TARGET = 15.4;
				MARKETING_VERSION = 1.0;
				PRODUCT_BUNDLE_IDENTIFIER = com.raditya.JokeApp2Tests;
				PRODUCT_NAME = "$(TARGET_NAME)";
				SWIFT_EMIT_LOC_STRINGS = NO;
				SWIFT_VERSION = 5.0;
				TARGETED_DEVICE_FAMILY = "1,2";
				TEST_HOST = "$(BUILT_PRODUCTS_DIR)/JokeApp2.app/JokeApp2";
			};
			name = Debug;
		};
		DBAF1325285DF09500A5CECE /* Release */ = {
			isa = XCBuildConfiguration;
			buildSettings = {
				ALWAYS_EMBED_SWIFT_STANDARD_LIBRARIES = YES;
				BUNDLE_LOADER = "$(TEST_HOST)";
				CODE_SIGN_STYLE = Automatic;
				CURRENT_PROJECT_VERSION = 1;
				GENERATE_INFOPLIST_FILE = YES;
				IPHONEOS_DEPLOYMENT_TARGET = 15.4;
				MARKETING_VERSION = 1.0;
				PRODUCT_BUNDLE_IDENTIFIER = com.raditya.JokeApp2Tests;
				PRODUCT_NAME = "$(TARGET_NAME)";
				SWIFT_EMIT_LOC_STRINGS = NO;
				SWIFT_VERSION = 5.0;
				TARGETED_DEVICE_FAMILY = "1,2";
				TEST_HOST = "$(BUILT_PRODUCTS_DIR)/JokeApp2.app/JokeApp2";
			};
			name = Release;
		};
		DBAF1327285DF09500A5CECE /* Debug */ = {
			isa = XCBuildConfiguration;
			buildSettings = {
				ALWAYS_EMBED_SWIFT_STANDARD_LIBRARIES = YES;
				CODE_SIGN_STYLE = Automatic;
				CURRENT_PROJECT_VERSION = 1;
				GENERATE_INFOPLIST_FILE = YES;
				MARKETING_VERSION = 1.0;
				PRODUCT_BUNDLE_IDENTIFIER = com.raditya.JokeApp2UITests;
				PRODUCT_NAME = "$(TARGET_NAME)";
				SWIFT_EMIT_LOC_STRINGS = NO;
				SWIFT_VERSION = 5.0;
				TARGETED_DEVICE_FAMILY = "1,2";
				TEST_TARGET_NAME = JokeApp2;
			};
			name = Debug;
		};
		DBAF1328285DF09500A5CECE /* Release */ = {
			isa = XCBuildConfiguration;
			buildSettings = {
				ALWAYS_EMBED_SWIFT_STANDARD_LIBRARIES = YES;
				CODE_SIGN_STYLE = Automatic;
				CURRENT_PROJECT_VERSION = 1;
				GENERATE_INFOPLIST_FILE = YES;
				MARKETING_VERSION = 1.0;
				PRODUCT_BUNDLE_IDENTIFIER = com.raditya.JokeApp2UITests;
				PRODUCT_NAME = "$(TARGET_NAME)";
				SWIFT_EMIT_LOC_STRINGS = NO;
				SWIFT_VERSION = 5.0;
				TARGETED_DEVICE_FAMILY = "1,2";
				TEST_TARGET_NAME = JokeApp2;
			};
			name = Release;
		};
/* End XCBuildConfiguration section */

/* Begin XCConfigurationList section */
		DBAF12F7285DF09200A5CECE /* Build configuration list for PBXProject "JokeApp2" */ = {
			isa = XCConfigurationList;
			buildConfigurations = (
				DBAF131E285DF09500A5CECE /* Debug */,
				DBAF131F285DF09500A5CECE /* Release */,
			);
			defaultConfigurationIsVisible = 0;
			defaultConfigurationName = Release;
		};
		DBAF1320285DF09500A5CECE /* Build configuration list for PBXNativeTarget "JokeApp2" */ = {
			isa = XCConfigurationList;
			buildConfigurations = (
				DBAF1321285DF09500A5CECE /* Debug */,
				DBAF1322285DF09500A5CECE /* Release */,
			);
			defaultConfigurationIsVisible = 0;
			defaultConfigurationName = Release;
		};
		DBAF1323285DF09500A5CECE /* Build configuration list for PBXNativeTarget "JokeApp2Tests" */ = {
			isa = XCConfigurationList;
			buildConfigurations = (
				DBAF1324285DF09500A5CECE /* Debug */,
				DBAF1325285DF09500A5CECE /* Release */,
			);
			defaultConfigurationIsVisible = 0;
			defaultConfigurationName = Release;
		};
		DBAF1326285DF09500A5CECE /* Build configuration list for PBXNativeTarget "JokeApp2UITests" */ = {
			isa = XCConfigurationList;
			buildConfigurations = (
				DBAF1327285DF09500A5CECE /* Debug */,
				DBAF1328285DF09500A5CECE /* Release */,
			);
			defaultConfigurationIsVisible = 0;
			defaultConfigurationName = Release;
		};
/* End XCConfigurationList section */
	};
	rootObject = DBAF12F4285DF09200A5CECE /* Project object */;
}
